
Microsoft Visual Studio Solution File, Format Version 12.00
# Visual Studio Version 17
VisualStudioVersion = 17.0.32014.148
MinimumVisualStudioVersion = 10.0.40219.1
Project("{9A19103F-16F7-4668-BE54-9A1E7A4F7556}") = "MiniTools.Web", "MiniTools.Web\MiniTools.Web.csproj", "{2204C933-FDCC-4D81-9042-81278FDFF918}"
EndProject
Project("{FAE04EC0-301F-11D3-BF4B-00C04F79EFBC}") = "MiniTools.Web.E2eTests", "MiniTools.Web.E2eTests\MiniTools.Web.E2eTests.csproj", "{B7D62F74-B245-4BE2-80BE-FF935D52F914}"
EndProject
Global
	GlobalSection(SolutionConfigurationPlatforms) = preSolution
		Debug|Any CPU = Debug|Any CPU
		Release|Any CPU = Release|Any CPU
	EndGlobalSection
	GlobalSection(ProjectConfigurationPlatforms) = postSolution
		{2204C933-FDCC-4D81-9042-81278FDFF918}.Debug|Any CPU.ActiveCfg = Debug|Any CPU
		{2204C933-FDCC-4D81-9042-81278FDFF918}.Debug|Any CPU.Build.0 = Debug|Any CPU
		{2204C933-FDCC-4D81-9042-81278FDFF918}.Release|Any CPU.ActiveCfg = Release|Any CPU
		{2204C933-FDCC-4D81-9042-81278FDFF918}.Release|Any CPU.Build.0 = Release|Any CPU
		{B7D62F74-B245-4BE2-80BE-FF935D52F914}.Debug|Any CPU.ActiveCfg = Debug|Any CPU
		{B7D62F74-B245-4BE2-80BE-FF935D52F914}.Debug|Any CPU.Build.0 = Debug|Any CPU
		{B7D62F74-B245-4BE2-80BE-FF935D52F914}.Release|Any CPU.ActiveCfg = Release|Any CPU
		{B7D62F74-B245-4BE2-80BE-FF935D52F914}.Release|Any CPU.Build.0 = Release|Any CPU
	EndGlobalSection
	GlobalSection(SolutionProperties) = preSolution
		HideSolutionNode = FALSE
	EndGlobalSection
	GlobalSection(ExtensibilityGlobals) = postSolution
		SolutionGuid = {0711BD51-DB09-497A-847E-F4832291C943}
	EndGlobalSection
EndGlobal
